
Microsoft Visual Studio Solution File, Format Version 12.00
# Visual Studio Version 16
VisualStudioVersion = 16.0.30104.148
MinimumVisualStudioVersion = 10.0.40219.1
Project("{9A19103F-16F7-4668-BE54-9A1E7A4F7556}") = "Egzaminas", "Egzaminas.csproj", "{E9DCEE8B-3707-47AF-A0EA-29CC6D865728}"
EndProject
Project("{FAE04EC0-301F-11D3-BF4B-00C04F79EFBC}") = "LigonineTestas", "..\LigonineTestas\LigonineTestas.csproj", "{AEA2F671-BE61-431A-90C1-D19C13E090DE}"
EndProject
Project("{FAE04EC0-301F-11D3-BF4B-00C04F79EFBC}") = "ClassLibrary", "..\ClassLibrary\ClassLibrary.csproj", "{63B82805-AA83-44A5-95F6-4B181B24CD72}"
EndProject
Global
	GlobalSection(SolutionConfigurationPlatforms) = preSolution
		Debug|Any CPU = Debug|Any CPU
		Release|Any CPU = Release|Any CPU
	EndGlobalSection
	GlobalSection(ProjectConfigurationPlatforms) = postSolution
		{E9DCEE8B-3707-47AF-A0EA-29CC6D865728}.Debug|Any CPU.ActiveCfg = Debug|Any CPU
		{E9DCEE8B-3707-47AF-A0EA-29CC6D865728}.Debug|Any CPU.Build.0 = Debug|Any CPU
		{E9DCEE8B-3707-47AF-A0EA-29CC6D865728}.Release|Any CPU.ActiveCfg = Release|Any CPU
		{E9DCEE8B-3707-47AF-A0EA-29CC6D865728}.Release|Any CPU.Build.0 = Release|Any CPU
		{AEA2F671-BE61-431A-90C1-D19C13E090DE}.Debug|Any CPU.ActiveCfg = Debug|Any CPU
		{AEA2F671-BE61-431A-90C1-D19C13E090DE}.Debug|Any CPU.Build.0 = Debug|Any CPU
		{AEA2F671-BE61-431A-90C1-D19C13E090DE}.Release|Any CPU.ActiveCfg = Release|Any CPU
		{AEA2F671-BE61-431A-90C1-D19C13E090DE}.Release|Any CPU.Build.0 = Release|Any CPU
		{63B82805-AA83-44A5-95F6-4B181B24CD72}.Debug|Any CPU.ActiveCfg = Debug|Any CPU
		{63B82805-AA83-44A5-95F6-4B181B24CD72}.Debug|Any CPU.Build.0 = Debug|Any CPU
		{63B82805-AA83-44A5-95F6-4B181B24CD72}.Release|Any CPU.ActiveCfg = Release|Any CPU
		{63B82805-AA83-44A5-95F6-4B181B24CD72}.Release|Any CPU.Build.0 = Release|Any CPU
	EndGlobalSection
	GlobalSection(SolutionProperties) = preSolution
		HideSolutionNode = FALSE
	EndGlobalSection
	GlobalSection(ExtensibilityGlobals) = postSolution
		SolutionGuid = {2540E845-E14F-4F70-9DE2-03D0A1EA31AB}
	EndGlobalSection
EndGlobal
